hash: 6322033ed2884a7819a92afbe1ce5bab7f96220ef61f43ee8fe73183289acca8
updated: 2017-06-21T23:48:10.202204022+02:00
imports:
- name: github.com/cenkalti/backoff
  version: 32cd0c5b3aef12c76ed64aaf678f6c79736be7dc
- name: github.com/pkg/errors
  version: 645ef00459ed84a119197bfb8d8205042c6df63d
testImports:
- name: github.com/davecgh/go-spew
  version: 6d212800a42e8ab5c146b8ace3490ee17e5225f9
  subpackages:
  - spew
- name: github.com/pmezard/go-difflib
  version: d8ed2627bdf02c080bf22230dbb337003b7aba2d
  subpackages:
  - difflib
- name: github.com/stretchr/testify
  version: 69483b4bd14f5845b5a1e55bca19e954e827f1d0
  subpackages:
  - assert
  - require
- name: gopkg.in/jarcoal/httpmock.v1
  version: cf52904a3cf0f78f199ecade6a6df8e245d5b25a
